
Microsoft Visual Studio Solution File, Format Version 12.00
# Visual Studio Version 17
VisualStudioVersion = 17.9.34622.214
MinimumVisualStudioVersion = 10.0.40219.1
Project("{FAE04EC0-301F-11D3-BF4B-00C04F79EFBC}") = "RateLimitMiddlewareInDotnet", "RateLimitMiddlewareInDotnet\RateLimitMiddlewareInDotnet.csproj", "{3D1B3C82-F053-4195-A5FE-3BBAAEA1A348}"
EndProject
Project("{2150E333-8FDC-42A3-9474-1A3956D46DE8}") = "Solution Items", "Solution Items", "{D532A604-1127-4AA2-A042-D9D1519DBA64}"
	ProjectSection(SolutionItems) = preProject
		ab-text.txt = ab-text.txt
		RateLimitMiddlewareInDotnet.http = RateLimitMiddlewareInDotnet.http
	EndProjectSection
EndProject
Global
	GlobalSection(SolutionConfigurationPlatforms) = preSolution
		Debug|Any CPU = Debug|Any CPU
		Release|Any CPU = Release|Any CPU
	EndGlobalSection
	GlobalSection(ProjectConfigurationPlatforms) = postSolution
		{3D1B3C82-F053-4195-A5FE-3BBAAEA1A348}.Debug|Any CPU.ActiveCfg = Debug|Any CPU
		{3D1B3C82-F053-4195-A5FE-3BBAAEA1A348}.Debug|Any CPU.Build.0 = Debug|Any CPU
		{3D1B3C82-F053-4195-A5FE-3BBAAEA1A348}.Release|Any CPU.ActiveCfg = Release|Any CPU
		{3D1B3C82-F053-4195-A5FE-3BBAAEA1A348}.Release|Any CPU.Build.0 = Release|Any CPU
	EndGlobalSection
	GlobalSection(SolutionProperties) = preSolution
		HideSolutionNode = FALSE
	EndGlobalSection
	GlobalSection(ExtensibilityGlobals) = postSolution
		SolutionGuid = {D1690E85-E19B-4F17-BC7C-1B72B649D106}
	EndGlobalSection
EndGlobal
